
Microsoft Visual Studio Solution File, Format Version 12.00
# Visual Studio Version 16
VisualStudioVersion = 16.0.31702.278
MinimumVisualStudioVersion = 10.0.40219.1
Project("{FAE04EC0-301F-11D3-BF4B-00C04F79EFBC}") = "Nikita_Tasks", "Nikita_Tasks\Nikita_Tasks.csproj", "{1813CA46-6812-4D36-A20C-7EB7218D901B}"
EndProject
Global
	GlobalSection(SolutionConfigurationPlatforms) = preSolution
		Debug|Any CPU = Debug|Any CPU
		Release|Any CPU = Release|Any CPU
	EndGlobalSection
	GlobalSection(ProjectConfigurationPlatforms) = postSolution
		{1813CA46-6812-4D36-A20C-7EB7218D901B}.Debug|Any CPU.ActiveCfg = Debug|Any CPU
		{1813CA46-6812-4D36-A20C-7EB7218D901B}.Debug|Any CPU.Build.0 = Debug|Any CPU
		{1813CA46-6812-4D36-A20C-7EB7218D901B}.Release|Any CPU.ActiveCfg = Release|Any CPU
		{1813CA46-6812-4D36-A20C-7EB7218D901B}.Release|Any CPU.Build.0 = Release|Any CPU
	EndGlobalSection
	GlobalSection(SolutionProperties) = preSolution
		HideSolutionNode = FALSE
	EndGlobalSection
	GlobalSection(ExtensibilityGlobals) = postSolution
		SolutionGuid = {ED72ECBF-C344-406E-8CBA-FE38C2DE4A4E}
	EndGlobalSection
EndGlobal
